
Microsoft Visual Studio Solution File, Format Version 12.00
# Visual Studio Version 17
VisualStudioVersion = 17.2.32602.215
MinimumVisualStudioVersion = 10.0.40219.1
Project("{9A19103F-16F7-4668-BE54-9A1E7A4F7556}") = "seCuidaBenca", "Tester01\seCuidaBenca.csproj", "{93E27C04-647E-4CEE-9B79-F852F8724168}"
EndProject
Global
	GlobalSection(SolutionConfigurationPlatforms) = preSolution
		Debug|Any CPU = Debug|Any CPU
		Release|Any CPU = Release|Any CPU
	EndGlobalSection
	GlobalSection(ProjectConfigurationPlatforms) = postSolution
		{93E27C04-647E-4CEE-9B79-F852F8724168}.Debug|Any CPU.ActiveCfg = Debug|Any CPU
		{93E27C04-647E-4CEE-9B79-F852F8724168}.Debug|Any CPU.Build.0 = Debug|Any CPU
		{93E27C04-647E-4CEE-9B79-F852F8724168}.Release|Any CPU.ActiveCfg = Release|Any CPU
		{93E27C04-647E-4CEE-9B79-F852F8724168}.Release|Any CPU.Build.0 = Release|Any CPU
	EndGlobalSection
	GlobalSection(SolutionProperties) = preSolution
		HideSolutionNode = FALSE
	EndGlobalSection
	GlobalSection(ExtensibilityGlobals) = postSolution
		SolutionGuid = {0760C819-00D5-4A22-9A71-D7F1B9A94D21}
	EndGlobalSection
EndGlobal
